
Microsoft Visual Studio Solution File, Format Version 12.00
# Visual Studio Version 16
VisualStudioVersion = 16.0.30517.126
MinimumVisualStudioVersion = 10.0.40219.1
Project("{F184B08F-C81C-45F6-A57F-5ABD9991F28F}") = "CAPT_COMMON", "CAPT_COMMON\CAPT_COMMON.vbproj", "{989E0B91-9481-4DE8-BCAF-1FC9CD30CCA2}"
EndProject
Global
	GlobalSection(SolutionConfigurationPlatforms) = preSolution
		Debug|Any CPU = Debug|Any CPU
		Release|Any CPU = Release|Any CPU
	EndGlobalSection
	GlobalSection(ProjectConfigurationPlatforms) = postSolution
		{989E0B91-9481-4DE8-BCAF-1FC9CD30CCA2}.Debug|Any CPU.ActiveCfg = Debug|Any CPU
		{989E0B91-9481-4DE8-BCAF-1FC9CD30CCA2}.Debug|Any CPU.Build.0 = Debug|Any CPU
		{989E0B91-9481-4DE8-BCAF-1FC9CD30CCA2}.Release|Any CPU.ActiveCfg = Release|Any CPU
		{989E0B91-9481-4DE8-BCAF-1FC9CD30CCA2}.Release|Any CPU.Build.0 = Release|Any CPU
	EndGlobalSection
	GlobalSection(SolutionProperties) = preSolution
		HideSolutionNode = FALSE
	EndGlobalSection
	GlobalSection(ExtensibilityGlobals) = postSolution
		SolutionGuid = {AAB53DBD-BA99-4543-A182-6750F37BBC1E}
	EndGlobalSection
EndGlobal
