
Microsoft Visual Studio Solution File, Format Version 12.00
# Visual Studio Version 16
VisualStudioVersion = 16.0.30517.126
MinimumVisualStudioVersion = 10.0.40219.1
Project("{F184B08F-C81C-45F6-A57F-5ABD9991F28F}") = "CAPT_COMMON", "CAPT_COMMON\CAPT_COMMON.vbproj", "{989E0B91-9481-4DE8-BCAF-1FC9CD30CCA2}"
EndProject
Project("{F184B08F-C81C-45F6-A57F-5ABD9991F28F}") = "CAPT_GDI", "CAPT_GDI\CAPT_GDI.vbproj", "{F31A5E16-07E3-4442-BA2E-212182303778}"
EndProject
Project("{F184B08F-C81C-45F6-A57F-5ABD9991F28F}") = "CAPT_GDI_WPF", "CAPT_GDI_WPF\CAPT_GDI_WPF.vbproj", "{86145483-D488-427E-AE61-C68756457B88}"
EndProject
Project("{F184B08F-C81C-45F6-A57F-5ABD9991F28F}") = "MARKER_HELPER", "MARKER_HELPER\MARKER_HELPER.vbproj", "{9BD4351F-A3DA-4628-B769-0F161009240F}"
EndProject
Project("{F184B08F-C81C-45F6-A57F-5ABD9991F28F}") = "SEND_COMMAND_FFXIV", "SEND_COMMAND_FFXIV\SEND_COMMAND_FFXIV.vbproj", "{116FEF80-E864-46B6-8DAF-AC60A5DAB765}"
EndProject
Global
	GlobalSection(SolutionConfigurationPlatforms) = preSolution
		Debug|Any CPU = Debug|Any CPU
		Release|Any CPU = Release|Any CPU
	EndGlobalSection
	GlobalSection(ProjectConfigurationPlatforms) = postSolution
		{989E0B91-9481-4DE8-BCAF-1FC9CD30CCA2}.Debug|Any CPU.ActiveCfg = Debug|Any CPU
		{989E0B91-9481-4DE8-BCAF-1FC9CD30CCA2}.Debug|Any CPU.Build.0 = Debug|Any CPU
		{989E0B91-9481-4DE8-BCAF-1FC9CD30CCA2}.Release|Any CPU.ActiveCfg = Release|Any CPU
		{989E0B91-9481-4DE8-BCAF-1FC9CD30CCA2}.Release|Any CPU.Build.0 = Release|Any CPU
		{F31A5E16-07E3-4442-BA2E-212182303778}.Debug|Any CPU.ActiveCfg = Debug|Any CPU
		{F31A5E16-07E3-4442-BA2E-212182303778}.Debug|Any CPU.Build.0 = Debug|Any CPU
		{F31A5E16-07E3-4442-BA2E-212182303778}.Release|Any CPU.ActiveCfg = Release|Any CPU
		{F31A5E16-07E3-4442-BA2E-212182303778}.Release|Any CPU.Build.0 = Release|Any CPU
		{86145483-D488-427E-AE61-C68756457B88}.Debug|Any CPU.ActiveCfg = Debug|Any CPU
		{86145483-D488-427E-AE61-C68756457B88}.Debug|Any CPU.Build.0 = Debug|Any CPU
		{86145483-D488-427E-AE61-C68756457B88}.Release|Any CPU.ActiveCfg = Release|Any CPU
		{86145483-D488-427E-AE61-C68756457B88}.Release|Any CPU.Build.0 = Release|Any CPU
		{9BD4351F-A3DA-4628-B769-0F161009240F}.Debug|Any CPU.ActiveCfg = Debug|Any CPU
		{9BD4351F-A3DA-4628-B769-0F161009240F}.Debug|Any CPU.Build.0 = Debug|Any CPU
		{9BD4351F-A3DA-4628-B769-0F161009240F}.Release|Any CPU.ActiveCfg = Release|Any CPU
		{9BD4351F-A3DA-4628-B769-0F161009240F}.Release|Any CPU.Build.0 = Release|Any CPU
		{116FEF80-E864-46B6-8DAF-AC60A5DAB765}.Debug|Any CPU.ActiveCfg = Debug|Any CPU
		{116FEF80-E864-46B6-8DAF-AC60A5DAB765}.Debug|Any CPU.Build.0 = Debug|Any CPU
		{116FEF80-E864-46B6-8DAF-AC60A5DAB765}.Release|Any CPU.ActiveCfg = Release|Any CPU
		{116FEF80-E864-46B6-8DAF-AC60A5DAB765}.Release|Any CPU.Build.0 = Release|Any CPU
	EndGlobalSection
	GlobalSection(SolutionProperties) = preSolution
		HideSolutionNode = FALSE
	EndGlobalSection
	GlobalSection(ExtensibilityGlobals) = postSolution
		SolutionGuid = {AAB53DBD-BA99-4543-A182-6750F37BBC1E}
	EndGlobalSection
EndGlobal
